
Microsoft Visual Studio Solution File, Format Version 12.00
# Visual Studio Version 16
VisualStudioVersion = 25.0.1705.4
MinimumVisualStudioVersion = 10.0.40219.1
Project("{FAE04EC0-301F-11D3-BF4B-00C04F79EFBC}") = "ResumeBuilder", "ResumeBuilder\ResumeBuilder.csproj", "{A57446F9-7C68-4A70-B6F7-C23BD1C1F189}"
EndProject
Global
	GlobalSection(SolutionConfigurationPlatforms) = preSolution
		Debug|Any CPU = Debug|Any CPU
		Release|Any CPU = Release|Any CPU
	EndGlobalSection
	GlobalSection(ProjectConfigurationPlatforms) = postSolution
		{A57446F9-7C68-4A70-B6F7-C23BD1C1F189}.Debug|Any CPU.ActiveCfg = Debug|Any CPU
		{A57446F9-7C68-4A70-B6F7-C23BD1C1F189}.Debug|Any CPU.Build.0 = Debug|Any CPU
		{A57446F9-7C68-4A70-B6F7-C23BD1C1F189}.Release|Any CPU.ActiveCfg = Release|Any CPU
		{A57446F9-7C68-4A70-B6F7-C23BD1C1F189}.Release|Any CPU.Build.0 = Release|Any CPU
	EndGlobalSection
	GlobalSection(SolutionProperties) = preSolution
		HideSolutionNode = FALSE
	EndGlobalSection
	GlobalSection(ExtensibilityGlobals) = postSolution
		SolutionGuid = {E0D9CDCA-0B7E-41B1-93A6-7F3B09DA21E2}
	EndGlobalSection
EndGlobal
